// !$*UTF8*$!
{
	archiveVersion = 1;
	classes = {
	};
	objectVersion = 54;
	objects = {

/* Begin PBXBuildFile section */
		00E356F31AD99517003FC87E /* CafeCofeeTests.m in Sources */ = {isa = PBXBuildFile; fileRef = 00E356F21AD99517003FC87E /* CafeCofeeTests.m */; };
		0C80B921A6F3F58F76C31292 /* libPods-CafeCofee.a in Frameworks */ = {isa = PBXBuildFile; fileRef = 5DCACB8F33CDC322A6C60F78 /* libPods-CafeCofee.a */; };
		13B07FBC1A68108700A75B9A /* AppDelegate.mm in Sources */ = {isa = PBXBuildFile; fileRef = 13B07FB01A68108700A75B9A /* AppDelegate.mm */; };
		13B07FBF1A68108700A75B9A /* Images.xcassets in Resources */ = {isa = PBXBuildFile; fileRef = 13B07FB51A68108700A75B9A /* Images.xcassets */; };
		13B07FC11A68108700A75B9A /* main.m in Sources */ = {isa = PBXBuildFile; fileRef = 13B07FB71A68108700A75B9A /* main.m */; };
		7699B88040F8A987B510C191 /* libPods-CafeCofee-CafeCofeeTests.a in Frameworks */ = {isa = PBXBuildFile; fileRef = 19F6CBCC0A4E27FBF8BF4A61 /* libPods-CafeCofee-CafeCofeeTests.a */; };
		81AB9BB82411601600AC10FF /* LaunchScreen.storyboard in Resources */ = {isa = PBXBuildFile; fileRef = 81AB9BB72411601600AC10FF /* LaunchScreen.storyboard */; };
		0C2B2A2C3A4546AD9E4FCD83 /* amazonpay.png in Resources */ = {isa = PBXBuildFile; fileRef = E4C2866B501142C891F458CE /* amazonpay.png */; };
		D7D78FA4D6534EC9BDA9FD1C /* applepay.png in Resources */ = {isa = PBXBuildFile; fileRef = 108C8D7C9CF746FF829C6C0D /* applepay.png */; };
		422ABDC8A7534EE0BB9BBD0C /* avatar.png in Resources */ = {isa = PBXBuildFile; fileRef = F0A3944C38E14BD89AE6ABCE /* avatar.png */; };
		D5CC9C6E666048C5AF7E563F /* americano_pic_1_portrait.png in Resources */ = {isa = PBXBuildFile; fileRef = 3696CBED6DC74813986CFBAB /* americano_pic_1_portrait.png */; };
		7C3F1E0180CA4AE58917DC42 /* americano_pic_2_portrait.png in Resources */ = {isa = PBXBuildFile; fileRef = B86D1CCE41A6426F924EE540 /* americano_pic_2_portrait.png */; };
		0DC9D1D8BA704C6C8B2077EF /* americano_pic_3_portrait.png in Resources */ = {isa = PBXBuildFile; fileRef = E2E7200CBF0D48A1A520EDDB /* americano_pic_3_portrait.png */; };
		367167274B114F6E88D3FB12 /* americano_pic_1_square.png in Resources */ = {isa = PBXBuildFile; fileRef = BEF401CE4E7747E9B13B99A3 /* americano_pic_1_square.png */; };
		845C7DE8F63C411097041352 /* americano_pic_2_square.png in Resources */ = {isa = PBXBuildFile; fileRef = 054467E1104E418EA49BA5F1 /* americano_pic_2_square.png */; };
		B59939D7B2034E25884131DE /* americano_pic_3_square.png in Resources */ = {isa = PBXBuildFile; fileRef = 6FD8B1BEDD7E4098863FC2E2 /* americano_pic_3_square.png */; };
		17B4C355ABEE460D9E360EE9 /* arabica_coffee_beans_portrait.png in Resources */ = {isa = PBXBuildFile; fileRef = C21616550EE942A8B882E460 /* arabica_coffee_beans_portrait.png */; };
		386445129B7F47E28B990AE8 /* arabica_coffee_beans_square.png in Resources */ = {isa = PBXBuildFile; fileRef = BD91F4084C8141E3874B83F2 /* arabica_coffee_beans_square.png */; };
		4DB182CC6D7949BEBB67CD0C /* black_coffee_pic_1_portrait.png in Resources */ = {isa = PBXBuildFile; fileRef = F65B08B247F34BF49D8424ED /* black_coffee_pic_1_portrait.png */; };
		2D9E5137386142C59D6C8070 /* black_coffee_pic_2_portrait.png in Resources */ = {isa = PBXBuildFile; fileRef = C6143997B62E40B098842780 /* black_coffee_pic_2_portrait.png */; };
		76CC09C1122948C29E51FAB5 /* black_coffee_pic_3_portrait.png in Resources */ = {isa = PBXBuildFile; fileRef = D7A81A45FA564D0A9116B8CE /* black_coffee_pic_3_portrait.png */; };
		DDD1CB12A4604FB596D5876B /* black_coffee_pic_1_square.png in Resources */ = {isa = PBXBuildFile; fileRef = F0D03DB1793646FCB8A66F36 /* black_coffee_pic_1_square.png */; };
		B3F0153544434B9984541933 /* black_coffee_pic_2_square.png in Resources */ = {isa = PBXBuildFile; fileRef = 63BD75AC8DF6414488223258 /* black_coffee_pic_2_square.png */; };
		739E3D1C57F6448181D7A1AF /* black_coffee_pic_3_square.png in Resources */ = {isa = PBXBuildFile; fileRef = 00ADBD20E4204107BA817A61 /* black_coffee_pic_3_square.png */; };
		0DBF28FC61D84A178C8D507B /* cappuccino_pic_1_portrait.png in Resources */ = {isa = PBXBuildFile; fileRef = 6C2789522F114A72A6A50914 /* cappuccino_pic_1_portrait.png */; };
		27C89C6B0C7941FCB418DFAE /* cappuccino_pic_2_portrait.png in Resources */ = {isa = PBXBuildFile; fileRef = 6F1BFBEB22AA40739888077D /* cappuccino_pic_2_portrait.png */; };
		40B700909B44443DA260F396 /* cappuccino_pic_3_portrait.png in Resources */ = {isa = PBXBuildFile; fileRef = 46CAA572F5304287834F43A8 /* cappuccino_pic_3_portrait.png */; };
		4BECE17AAB31498C91994348 /* cappuccino_pic_1_square.png in Resources */ = {isa = PBXBuildFile; fileRef = 223B03D8F9864078BCF7F076 /* cappuccino_pic_1_square.png */; };
		479D249DF1D64C9D95BC23FE /* cappuccino_pic_2_square.png in Resources */ = {isa = PBXBuildFile; fileRef = 8813B890707E454D8742649B /* cappuccino_pic_2_square.png */; };
		FF2B7D5597CC47288F467683 /* cappuccino_pic_3_square.png in Resources */ = {isa = PBXBuildFile; fileRef = F8C5EF536BEA4F89BF7AF88F /* cappuccino_pic_3_square.png */; };
		DAE375CA2B7044C8B109C7A4 /* app_icons.ttf in Resources */ = {isa = PBXBuildFile; fileRef = 2CEBEF054796416CBC7292DC /* app_icons.ttf */; };
		8BAF6359EEE74067A5D12DBB /* Poppins-Black.ttf in Resources */ = {isa = PBXBuildFile; fileRef = 1716934201964206A158005B /* Poppins-Black.ttf */; };
		FEE3052DE4A24F628883AB5C /* Poppins-Bold.ttf in Resources */ = {isa = PBXBuildFile; fileRef = DB356295C649481A9CE15F6E /* Poppins-Bold.ttf */; };
		7254AF8FBEC64BB3ADAD7013 /* Poppins-ExtraBold.ttf in Resources */ = {isa = PBXBuildFile; fileRef = B1BB7CBA0C83487A81059080 /* Poppins-ExtraBold.ttf */; };
		16569DA4F1074CF9B11DEFCA /* Poppins-ExtraLight.ttf in Resources */ = {isa = PBXBuildFile; fileRef = BA81E377B1724980AA08A159 /* Poppins-ExtraLight.ttf */; };
		BAAD6AABA9FE4D859C15CAC3 /* Poppins-Light.ttf in Resources */ = {isa = PBXBuildFile; fileRef = B3CB774F288F46019048C33B /* Poppins-Light.ttf */; };
		B21B79E3BD6141A39E154DEB /* Poppins-Medium.ttf in Resources */ = {isa = PBXBuildFile; fileRef = CA17DE78E32D4532BC3A7B6B /* Poppins-Medium.ttf */; };
		CC179454AF45484DA4C436A8 /* Poppins-Regular.ttf in Resources */ = {isa = PBXBuildFile; fileRef = E3AD3F95625D4DC4B95E0511 /* Poppins-Regular.ttf */; };
		FDB93ED89A3E4E70B6A691C9 /* Poppins-SemiBold.ttf in Resources */ = {isa = PBXBuildFile; fileRef = 518F225D37DB4A0AB8247417 /* Poppins-SemiBold.ttf */; };
		7012ACA4A4CB45C0B941CB08 /* Poppins-Thin.ttf in Resources */ = {isa = PBXBuildFile; fileRef = 410A9CDDECDE4ACD8B7959C3 /* Poppins-Thin.ttf */; };
		7B9386D7BEE946E9AADD82EF /* user.png in Resources */ = {isa = PBXBuildFile; fileRef = E2383813B5A34C9B82DDDBF4 /* user.png */; };
		D836829F25A54D33B1029B10 /* espresso_pic_1_square.png in Resources */ = {isa = PBXBuildFile; fileRef = 96C630FDC320488B88EB2068 /* espresso_pic_1_square.png */; };
		1375AB15B6414813BCA51985 /* espresso_pic_2_square.png in Resources */ = {isa = PBXBuildFile; fileRef = 4790646B76FC40E59481568E /* espresso_pic_2_square.png */; };
		E58D0133F3854106B31E17FA /* espresso_pic_3_square.png in Resources */ = {isa = PBXBuildFile; fileRef = AB8037D663E7437BA422C9CE /* espresso_pic_3_square.png */; };
		BD0F4A7D72A04575AA5E3365 /* excelsa_coffee_beans_portrait.png in Resources */ = {isa = PBXBuildFile; fileRef = 7C62A9105AEA434FBA380D79 /* excelsa_coffee_beans_portrait.png */; };
		B2F557BFF6584B76828E6A19 /* excelsa_coffee_beans_square.png in Resources */ = {isa = PBXBuildFile; fileRef = 4B91492BC1B64CCCAF736D93 /* excelsa_coffee_beans_square.png */; };
		DFF53CB64CDE4AE98C642969 /* latte_pic_1_portrait.png in Resources */ = {isa = PBXBuildFile; fileRef = 58327AAEB430426899864DA5 /* latte_pic_1_portrait.png */; };
		2FCB80C108B54D38AFAD88DD /* latte_pic_2_portrait.png in Resources */ = {isa = PBXBuildFile; fileRef = 422969C5C6DC4316BC0FACB1 /* latte_pic_2_portrait.png */; };
		3730ED36E042485791ED7DF2 /* latte_pic_3_portrait.png in Resources */ = {isa = PBXBuildFile; fileRef = 90D6B695A0864B7ABD62BE3A /* latte_pic_3_portrait.png */; };
		700ABF5E58D84452A6D1145E /* latte_pic_1_square.png in Resources */ = {isa = PBXBuildFile; fileRef = F92AA46A29C04B42BF665B83 /* latte_pic_1_square.png */; };
		0E3D0E061C914E7B89B34A42 /* latte_pic_2_square.png in Resources */ = {isa = PBXBuildFile; fileRef = 9819B65C4EF947C99307985B /* latte_pic_2_square.png */; };
		ABFC1CCD28F2422EA64ABBDE /* latte_pic_3_square.png in Resources */ = {isa = PBXBuildFile; fileRef = 42D9C79CBCF647FBA2AC37BE /* latte_pic_3_square.png */; };
		2E3BEFF3B7544FED964BBECE /* liberica_coffee_beans_portrait.png in Resources */ = {isa = PBXBuildFile; fileRef = 34AA6042B6264B839ED3E8C4 /* liberica_coffee_beans_portrait.png */; };
		61341D6BF2DC4382B2EF5881 /* liberica_coffee_beans_square.png in Resources */ = {isa = PBXBuildFile; fileRef = F327A0846496403887767CE9 /* liberica_coffee_beans_square.png */; };
		93A2E93565F7471E8D48EDE5 /* macchiato_pic_1_portrait.png in Resources */ = {isa = PBXBuildFile; fileRef = 9EACF1AEEB9F49F6B13AF206 /* macchiato_pic_1_portrait.png */; };
		0C3B8808129F4D18B312C842 /* macchiato_pic_2_portrait.png in Resources */ = {isa = PBXBuildFile; fileRef = 77EB9251FDD043C9B4241FA5 /* macchiato_pic_2_portrait.png */; };
		8C62996F8B5C4FCA9C2E1E84 /* macchiato_pic_3_portrait.png in Resources */ = {isa = PBXBuildFile; fileRef = C7A16252F6704FC68839DD48 /* macchiato_pic_3_portrait.png */; };
		1D174D9C4BAC40EB9CC66B29 /* macchiato_pic_1_square.png in Resources */ = {isa = PBXBuildFile; fileRef = 301858AAAD2A409DBE32971D /* macchiato_pic_1_square.png */; };
		D3A47230C63D410EADECF9DE /* macchiato_pic_2_square.png in Resources */ = {isa = PBXBuildFile; fileRef = 83263265444D437E92D4463C /* macchiato_pic_2_square.png */; };
		EBC59C5F15BE472FB4624982 /* macchiato_pic_3_square.png in Resources */ = {isa = PBXBuildFile; fileRef = 719CD1E3C7E4463DA8255C51 /* macchiato_pic_3_square.png */; };
		48420BE41C5B4E8AA366A36B /* robusta_coffee_beans_portrait.png in Resources */ = {isa = PBXBuildFile; fileRef = 4E4843F21C2F4EDB804E0C99 /* robusta_coffee_beans_portrait.png */; };
		ED32E49768FC46C98611E05C /* robusta_coffee_beans_square.png in Resources */ = {isa = PBXBuildFile; fileRef = 2CD5B369155D400194BD6EDB /* robusta_coffee_beans_square.png */; };
		1BBC9D2D9B4545BA8C33FC3E /* espresso_pic_1_portrait.png in Resources */ = {isa = PBXBuildFile; fileRef = 8F4ECB1A382A48AAA4505C92 /* espresso_pic_1_portrait.png */; };
		E40F3305F79E456593B8B081 /* espresso_pic_2_portrait.png in Resources */ = {isa = PBXBuildFile; fileRef = 4D9F844C565E459A90DD690D /* espresso_pic_2_portrait.png */; };
		62ED059BF67E40B1A8D2D37E /* espresso_pic_3_portrait.png in Resources */ = {isa = PBXBuildFile; fileRef = F715CB6411F341FC8530C213 /* espresso_pic_3_portrait.png */; };
		13DCB98080464A0EA769569F /* gpay.png in Resources */ = {isa = PBXBuildFile; fileRef = 8193D6B8FC4240F28681EB70 /* gpay.png */; };
		0644FFB5E8154CEC817FEDCC /* phonepelogoicon.png in Resources */ = {isa = PBXBuildFile; fileRef = 33B8D438E90D46CA83E1A873 /* phonepelogoicon.png */; };
		22B1A19C0F3C43E683EA4BC5 /* paytmicon.png in Resources */ = {isa = PBXBuildFile; fileRef = D14B3A9A06E84F819966E414 /* paytmicon.png */; };
/* End PBXBuildFile section */

/* Begin PBXContainerItemProxy section */
		00E356F41AD99517003FC87E /* PBXContainerItemProxy */ = {
			isa = PBXContainerItemProxy;
			containerPortal = 83CBB9F71A601CBA00E9B192 /* Project object */;
			proxyType = 1;
			remoteGlobalIDString = 13B07F861A680F5B00A75B9A;
			remoteInfo = CafeCofee;
		};
/* End PBXContainerItemProxy section */

/* Begin PBXFileReference section */
		00E356EE1AD99517003FC87E /* CafeCofeeTests.xctest */ = {isa = PBXFileReference; explicitFileType = wrapper.cfbundle; includeInIndex = 0; path = CafeCofeeTests.xctest; sourceTree = BUILT_PRODUCTS_DIR; };
		00E356F11AD99517003FC87E /* Info.plist */ = {isa = PBXFileReference; lastKnownFileType = text.plist.xml; path = Info.plist; sourceTree = "<group>"; };
		00E356F21AD99517003FC87E /* CafeCofeeTests.m */ = {isa = PBXFileReference; lastKnownFileType = sourcecode.c.objc; path = CafeCofeeTests.m; sourceTree = "<group>"; };
		13B07F961A680F5B00A75B9A /* CafeCofee.app */ = {isa = PBXFileReference; explicitFileType = wrapper.application; includeInIndex = 0; path = CafeCofee.app; sourceTree = BUILT_PRODUCTS_DIR; };
		13B07FAF1A68108700A75B9A /* AppDelegate.h */ = {isa = PBXFileReference; fileEncoding = 4; lastKnownFileType = sourcecode.c.h; name = AppDelegate.h; path = CafeCofee/AppDelegate.h; sourceTree = "<group>"; };
		13B07FB01A68108700A75B9A /* AppDelegate.mm */ = {isa = PBXFileReference; fileEncoding = 4; lastKnownFileType = sourcecode.cpp.objcpp; name = AppDelegate.mm; path = CafeCofee/AppDelegate.mm; sourceTree = "<group>"; };
		13B07FB51A68108700A75B9A /* Images.xcassets */ = {isa = PBXFileReference; lastKnownFileType = folder.assetcatalog; name = Images.xcassets; path = CafeCofee/Images.xcassets; sourceTree = "<group>"; };
		13B07FB61A68108700A75B9A /* Info.plist */ = {isa = PBXFileReference; fileEncoding = 4; lastKnownFileType = text.plist.xml; name = Info.plist; path = CafeCofee/Info.plist; sourceTree = "<group>"; };
		13B07FB71A68108700A75B9A /* main.m */ = {isa = PBXFileReference; fileEncoding = 4; lastKnownFileType = sourcecode.c.objc; name = main.m; path = CafeCofee/main.m; sourceTree = "<group>"; };
		19F6CBCC0A4E27FBF8BF4A61 /* libPods-CafeCofee-CafeCofeeTests.a */ = {isa = PBXFileReference; explicitFileType = archive.ar; includeInIndex = 0; path = "libPods-CafeCofee-CafeCofeeTests.a"; sourceTree = BUILT_PRODUCTS_DIR; };
		3B4392A12AC88292D35C810B /* Pods-CafeCofee.debug.xcconfig */ = {isa = PBXFileReference; includeInIndex = 1; lastKnownFileType = text.xcconfig; name = "Pods-CafeCofee.debug.xcconfig"; path = "Target Support Files/Pods-CafeCofee/Pods-CafeCofee.debug.xcconfig"; sourceTree = "<group>"; };
		5709B34CF0A7D63546082F79 /* Pods-CafeCofee.release.xcconfig */ = {isa = PBXFileReference; includeInIndex = 1; lastKnownFileType = text.xcconfig; name = "Pods-CafeCofee.release.xcconfig"; path = "Target Support Files/Pods-CafeCofee/Pods-CafeCofee.release.xcconfig"; sourceTree = "<group>"; };
		5B7EB9410499542E8C5724F5 /* Pods-CafeCofee-CafeCofeeTests.debug.xcconfig */ = {isa = PBXFileReference; includeInIndex = 1; lastKnownFileType = text.xcconfig; name = "Pods-CafeCofee-CafeCofeeTests.debug.xcconfig"; path = "Target Support Files/Pods-CafeCofee-CafeCofeeTests/Pods-CafeCofee-CafeCofeeTests.debug.xcconfig"; sourceTree = "<group>"; };
		5DCACB8F33CDC322A6C60F78 /* libPods-CafeCofee.a */ = {isa = PBXFileReference; explicitFileType = archive.ar; includeInIndex = 0; path = "libPods-CafeCofee.a"; sourceTree = BUILT_PRODUCTS_DIR; };
		81AB9BB72411601600AC10FF /* LaunchScreen.storyboard */ = {isa = PBXFileReference; fileEncoding = 4; lastKnownFileType = file.storyboard; name = LaunchScreen.storyboard; path = CafeCofee/LaunchScreen.storyboard; sourceTree = "<group>"; };
		89C6BE57DB24E9ADA2F236DE /* Pods-CafeCofee-CafeCofeeTests.release.xcconfig */ = {isa = PBXFileReference; includeInIndex = 1; lastKnownFileType = text.xcconfig; name = "Pods-CafeCofee-CafeCofeeTests.release.xcconfig"; path = "Target Support Files/Pods-CafeCofee-CafeCofeeTests/Pods-CafeCofee-CafeCofeeTests.release.xcconfig"; sourceTree = "<group>"; };
		ED297162215061F000B7C4FE /* JavaScriptCore.framework */ = {isa = PBXFileReference; lastKnownFileType = wrapper.framework; name = JavaScriptCore.framework; path = System/Library/Frameworks/JavaScriptCore.framework; sourceTree = SDKROOT; };
		E4C2866B501142C891F458CE /* amazonpay.png */ = {isa = PBXFileReference; name = "amazonpay.png"; path = "../src/assets/app_images/amazonpay.png"; sourceTree = "<group>"; fileEncoding = undefined; lastKnownFileType = unknown; explicitFileType = undefined; includeInIndex = 0; };
		108C8D7C9CF746FF829C6C0D /* applepay.png */ = {isa = PBXFileReference; name = "applepay.png"; path = "../src/assets/app_images/applepay.png"; sourceTree = "<group>"; fileEncoding = undefined; lastKnownFileType = unknown; explicitFileType = undefined; includeInIndex = 0; };
		F0A3944C38E14BD89AE6ABCE /* avatar.png */ = {isa = PBXFileReference; name = "avatar.png"; path = "../src/assets/app_images/avatar.png"; sourceTree = "<group>"; fileEncoding = undefined; lastKnownFileType = unknown; explicitFileType = undefined; includeInIndex = 0; };
		3696CBED6DC74813986CFBAB /* americano_pic_1_portrait.png */ = {isa = PBXFileReference; name = "americano_pic_1_portrait.png"; path = "../src/assets/coffee_assets/americano/portrait/americano_pic_1_portrait.png"; sourceTree = "<group>"; fileEncoding = undefined; lastKnownFileType = unknown; explicitFileType = undefined; includeInIndex = 0; };
		B86D1CCE41A6426F924EE540 /* americano_pic_2_portrait.png */ = {isa = PBXFileReference; name = "americano_pic_2_portrait.png"; path = "../src/assets/coffee_assets/americano/portrait/americano_pic_2_portrait.png"; sourceTree = "<group>"; fileEncoding = undefined; lastKnownFileType = unknown; explicitFileType = undefined; includeInIndex = 0; };
		E2E7200CBF0D48A1A520EDDB /* americano_pic_3_portrait.png */ = {isa = PBXFileReference; name = "americano_pic_3_portrait.png"; path = "../src/assets/coffee_assets/americano/portrait/americano_pic_3_portrait.png"; sourceTree = "<group>"; fileEncoding = undefined; lastKnownFileType = unknown; explicitFileType = undefined; includeInIndex = 0; };
		BEF401CE4E7747E9B13B99A3 /* americano_pic_1_square.png */ = {isa = PBXFileReference; name = "americano_pic_1_square.png"; path = "../src/assets/coffee_assets/americano/square/americano_pic_1_square.png"; sourceTree = "<group>"; fileEncoding = undefined; lastKnownFileType = unknown; explicitFileType = undefined; includeInIndex = 0; };
		054467E1104E418EA49BA5F1 /* americano_pic_2_square.png */ = {isa = PBXFileReference; name = "americano_pic_2_square.png"; path = "../src/assets/coffee_assets/americano/square/americano_pic_2_square.png"; sourceTree = "<group>"; fileEncoding = undefined; lastKnownFileType = unknown; explicitFileType = undefined; includeInIndex = 0; };
		6FD8B1BEDD7E4098863FC2E2 /* americano_pic_3_square.png */ = {isa = PBXFileReference; name = "americano_pic_3_square.png"; path = "../src/assets/coffee_assets/americano/square/americano_pic_3_square.png"; sourceTree = "<group>"; fileEncoding = undefined; lastKnownFileType = unknown; explicitFileType = undefined; includeInIndex = 0; };
		C21616550EE942A8B882E460 /* arabica_coffee_beans_portrait.png */ = {isa = PBXFileReference; name = "arabica_coffee_beans_portrait.png"; path = "../src/assets/coffee_assets/arabica_coffee_beans/arabica_coffee_beans_portrait.png"; sourceTree = "<group>"; fileEncoding = undefined; lastKnownFileType = unknown; explicitFileType = undefined; includeInIndex = 0; };
		BD91F4084C8141E3874B83F2 /* arabica_coffee_beans_square.png */ = {isa = PBXFileReference; name = "arabica_coffee_beans_square.png"; path = "../src/assets/coffee_assets/arabica_coffee_beans/arabica_coffee_beans_square.png"; sourceTree = "<group>"; fileEncoding = undefined; lastKnownFileType = unknown; explicitFileType = undefined; includeInIndex = 0; };
		F65B08B247F34BF49D8424ED /* black_coffee_pic_1_portrait.png */ = {isa = PBXFileReference; name = "black_coffee_pic_1_portrait.png"; path = "../src/assets/coffee_assets/black_coffee/portrait/black_coffee_pic_1_portrait.png"; sourceTree = "<group>"; fileEncoding = undefined; lastKnownFileType = unknown; explicitFileType = undefined; includeInIndex = 0; };
		C6143997B62E40B098842780 /* black_coffee_pic_2_portrait.png */ = {isa = PBXFileReference; name = "black_coffee_pic_2_portrait.png"; path = "../src/assets/coffee_assets/black_coffee/portrait/black_coffee_pic_2_portrait.png"; sourceTree = "<group>"; fileEncoding = undefined; lastKnownFileType = unknown; explicitFileType = undefined; includeInIndex = 0; };
		D7A81A45FA564D0A9116B8CE /* black_coffee_pic_3_portrait.png */ = {isa = PBXFileReference; name = "black_coffee_pic_3_portrait.png"; path = "../src/assets/coffee_assets/black_coffee/portrait/black_coffee_pic_3_portrait.png"; sourceTree = "<group>"; fileEncoding = undefined; lastKnownFileType = unknown; explicitFileType = undefined; includeInIndex = 0; };
		F0D03DB1793646FCB8A66F36 /* black_coffee_pic_1_square.png */ = {isa = PBXFileReference; name = "black_coffee_pic_1_square.png"; path = "../src/assets/coffee_assets/black_coffee/square/black_coffee_pic_1_square.png"; sourceTree = "<group>"; fileEncoding = undefined; lastKnownFileType = unknown; explicitFileType = undefined; includeInIndex = 0; };
		63BD75AC8DF6414488223258 /* black_coffee_pic_2_square.png */ = {isa = PBXFileReference; name = "black_coffee_pic_2_square.png"; path = "../src/assets/coffee_assets/black_coffee/square/black_coffee_pic_2_square.png"; sourceTree = "<group>"; fileEncoding = undefined; lastKnownFileType = unknown; explicitFileType = undefined; includeInIndex = 0; };
		00ADBD20E4204107BA817A61 /* black_coffee_pic_3_square.png */ = {isa = PBXFileReference; name = "black_coffee_pic_3_square.png"; path = "../src/assets/coffee_assets/black_coffee/square/black_coffee_pic_3_square.png"; sourceTree = "<group>"; fileEncoding = undefined; lastKnownFileType = unknown; explicitFileType = undefined; includeInIndex = 0; };
		6C2789522F114A72A6A50914 /* cappuccino_pic_1_portrait.png */ = {isa = PBXFileReference; name = "cappuccino_pic_1_portrait.png"; path = "../src/assets/coffee_assets/cappuccino/portrait/cappuccino_pic_1_portrait.png"; sourceTree = "<group>"; fileEncoding = undefined; lastKnownFileType = unknown; explicitFileType = undefined; includeInIndex = 0; };
		6F1BFBEB22AA40739888077D /* cappuccino_pic_2_portrait.png */ = {isa = PBXFileReference; name = "cappuccino_pic_2_portrait.png"; path = "../src/assets/coffee_assets/cappuccino/portrait/cappuccino_pic_2_portrait.png"; sourceTree = "<group>"; fileEncoding = undefined; lastKnownFileType = unknown; explicitFileType = undefined; includeInIndex = 0; };
		46CAA572F5304287834F43A8 /* cappuccino_pic_3_portrait.png */ = {isa = PBXFileReference; name = "cappuccino_pic_3_portrait.png"; path = "../src/assets/coffee_assets/cappuccino/portrait/cappuccino_pic_3_portrait.png"; sourceTree = "<group>"; fileEncoding = undefined; lastKnownFileType = unknown; explicitFileType = undefined; includeInIndex = 0; };
		223B03D8F9864078BCF7F076 /* cappuccino_pic_1_square.png */ = {isa = PBXFileReference; name = "cappuccino_pic_1_square.png"; path = "../src/assets/coffee_assets/cappuccino/square/cappuccino_pic_1_square.png"; sourceTree = "<group>"; fileEncoding = undefined; lastKnownFileType = unknown; explicitFileType = undefined; includeInIndex = 0; };
		8813B890707E454D8742649B /* cappuccino_pic_2_square.png */ = {isa = PBXFileReference; name = "cappuccino_pic_2_square.png"; path = "../src/assets/coffee_assets/cappuccino/square/cappuccino_pic_2_square.png"; sourceTree = "<group>"; fileEncoding = undefined; lastKnownFileType = unknown; explicitFileType = undefined; includeInIndex = 0; };
		F8C5EF536BEA4F89BF7AF88F /* cappuccino_pic_3_square.png */ = {isa = PBXFileReference; name = "cappuccino_pic_3_square.png"; path = "../src/assets/coffee_assets/cappuccino/square/cappuccino_pic_3_square.png"; sourceTree = "<group>"; fileEncoding = undefined; lastKnownFileType = unknown; explicitFileType = undefined; includeInIndex = 0; };
		2CEBEF054796416CBC7292DC /* app_icons.ttf */ = {isa = PBXFileReference; name = "app_icons.ttf"; path = "../src/assets/fonts/app_icons.ttf"; sourceTree = "<group>"; fileEncoding = undefined; lastKnownFileType = unknown; explicitFileType = undefined; includeInIndex = 0; };
		1716934201964206A158005B /* Poppins-Black.ttf */ = {isa = PBXFileReference; name = "Poppins-Black.ttf"; path = "../src/assets/fonts/Poppins-Black.ttf"; sourceTree = "<group>"; fileEncoding = undefined; lastKnownFileType = unknown; explicitFileType = undefined; includeInIndex = 0; };
		DB356295C649481A9CE15F6E /* Poppins-Bold.ttf */ = {isa = PBXFileReference; name = "Poppins-Bold.ttf"; path = "../src/assets/fonts/Poppins-Bold.ttf"; sourceTree = "<group>"; fileEncoding = undefined; lastKnownFileType = unknown; explicitFileType = undefined; includeInIndex = 0; };
		B1BB7CBA0C83487A81059080 /* Poppins-ExtraBold.ttf */ = {isa = PBXFileReference; name = "Poppins-ExtraBold.ttf"; path = "../src/assets/fonts/Poppins-ExtraBold.ttf"; sourceTree = "<group>"; fileEncoding = undefined; lastKnownFileType = unknown; explicitFileType = undefined; includeInIndex = 0; };
		BA81E377B1724980AA08A159 /* Poppins-ExtraLight.ttf */ = {isa = PBXFileReference; name = "Poppins-ExtraLight.ttf"; path = "../src/assets/fonts/Poppins-ExtraLight.ttf"; sourceTree = "<group>"; fileEncoding = undefined; lastKnownFileType = unknown; explicitFileType = undefined; includeInIndex = 0; };
		B3CB774F288F46019048C33B /* Poppins-Light.ttf */ = {isa = PBXFileReference; name = "Poppins-Light.ttf"; path = "../src/assets/fonts/Poppins-Light.ttf"; sourceTree = "<group>"; fileEncoding = undefined; lastKnownFileType = unknown; explicitFileType = undefined; includeInIndex = 0; };
		CA17DE78E32D4532BC3A7B6B /* Poppins-Medium.ttf */ = {isa = PBXFileReference; name = "Poppins-Medium.ttf"; path = "../src/assets/fonts/Poppins-Medium.ttf"; sourceTree = "<group>"; fileEncoding = undefined; lastKnownFileType = unknown; explicitFileType = undefined; includeInIndex = 0; };
		E3AD3F95625D4DC4B95E0511 /* Poppins-Regular.ttf */ = {isa = PBXFileReference; name = "Poppins-Regular.ttf"; path = "../src/assets/fonts/Poppins-Regular.ttf"; sourceTree = "<group>"; fileEncoding = undefined; lastKnownFileType = unknown; explicitFileType = undefined; includeInIndex = 0; };
		518F225D37DB4A0AB8247417 /* Poppins-SemiBold.ttf */ = {isa = PBXFileReference; name = "Poppins-SemiBold.ttf"; path = "../src/assets/fonts/Poppins-SemiBold.ttf"; sourceTree = "<group>"; fileEncoding = undefined; lastKnownFileType = unknown; explicitFileType = undefined; includeInIndex = 0; };
		410A9CDDECDE4ACD8B7959C3 /* Poppins-Thin.ttf */ = {isa = PBXFileReference; name = "Poppins-Thin.ttf"; path = "../src/assets/fonts/Poppins-Thin.ttf"; sourceTree = "<group>"; fileEncoding = undefined; lastKnownFileType = unknown; explicitFileType = undefined; includeInIndex = 0; };
		E2383813B5A34C9B82DDDBF4 /* user.png */ = {isa = PBXFileReference; name = "user.png"; path = "../src/assets/app_images/user.png"; sourceTree = "<group>"; fileEncoding = undefined; lastKnownFileType = unknown; explicitFileType = undefined; includeInIndex = 0; };
		96C630FDC320488B88EB2068 /* espresso_pic_1_square.png */ = {isa = PBXFileReference; name = "espresso_pic_1_square.png"; path = "../src/assets/coffee_assets/espresso/square/espresso_pic_1_square.png"; sourceTree = "<group>"; fileEncoding = undefined; lastKnownFileType = unknown; explicitFileType = undefined; includeInIndex = 0; };
		4790646B76FC40E59481568E /* espresso_pic_2_square.png */ = {isa = PBXFileReference; name = "espresso_pic_2_square.png"; path = "../src/assets/coffee_assets/espresso/square/espresso_pic_2_square.png"; sourceTree = "<group>"; fileEncoding = undefined; lastKnownFileType = unknown; explicitFileType = undefined; includeInIndex = 0; };
		AB8037D663E7437BA422C9CE /* espresso_pic_3_square.png */ = {isa = PBXFileReference; name = "espresso_pic_3_square.png"; path = "../src/assets/coffee_assets/espresso/square/espresso_pic_3_square.png"; sourceTree = "<group>"; fileEncoding = undefined; lastKnownFileType = unknown; explicitFileType = undefined; includeInIndex = 0; };
		7C62A9105AEA434FBA380D79 /* excelsa_coffee_beans_portrait.png */ = {isa = PBXFileReference; name = "excelsa_coffee_beans_portrait.png"; path = "../src/assets/coffee_assets/excelsa_coffee_beans/excelsa_coffee_beans_portrait.png"; sourceTree = "<group>"; fileEncoding = undefined; lastKnownFileType = unknown; explicitFileType = undefined; includeInIndex = 0; };
		4B91492BC1B64CCCAF736D93 /* excelsa_coffee_beans_square.png */ = {isa = PBXFileReference; name = "excelsa_coffee_beans_square.png"; path = "../src/assets/coffee_assets/excelsa_coffee_beans/excelsa_coffee_beans_square.png"; sourceTree = "<group>"; fileEncoding = undefined; lastKnownFileType = unknown; explicitFileType = undefined; includeInIndex = 0; };
		58327AAEB430426899864DA5 /* latte_pic_1_portrait.png */ = {isa = PBXFileReference; name = "latte_pic_1_portrait.png"; path = "../src/assets/coffee_assets/latte/portrait/latte_pic_1_portrait.png"; sourceTree = "<group>"; fileEncoding = undefined; lastKnownFileType = unknown; explicitFileType = undefined; includeInIndex = 0; };
		422969C5C6DC4316BC0FACB1 /* latte_pic_2_portrait.png */ = {isa = PBXFileReference; name = "latte_pic_2_portrait.png"; path = "../src/assets/coffee_assets/latte/portrait/latte_pic_2_portrait.png"; sourceTree = "<group>"; fileEncoding = undefined; lastKnownFileType = unknown; explicitFileType = undefined; includeInIndex = 0; };
		90D6B695A0864B7ABD62BE3A /* latte_pic_3_portrait.png */ = {isa = PBXFileReference; name = "latte_pic_3_portrait.png"; path = "../src/assets/coffee_assets/latte/portrait/latte_pic_3_portrait.png"; sourceTree = "<group>"; fileEncoding = undefined; lastKnownFileType = unknown; explicitFileType = undefined; includeInIndex = 0; };
		F92AA46A29C04B42BF665B83 /* latte_pic_1_square.png */ = {isa = PBXFileReference; name = "latte_pic_1_square.png"; path = "../src/assets/coffee_assets/latte/square/latte_pic_1_square.png"; sourceTree = "<group>"; fileEncoding = undefined; lastKnownFileType = unknown; explicitFileType = undefined; includeInIndex = 0; };
		9819B65C4EF947C99307985B /* latte_pic_2_square.png */ = {isa = PBXFileReference; name = "latte_pic_2_square.png"; path = "../src/assets/coffee_assets/latte/square/latte_pic_2_square.png"; sourceTree = "<group>"; fileEncoding = undefined; lastKnownFileType = unknown; explicitFileType = undefined; includeInIndex = 0; };
		42D9C79CBCF647FBA2AC37BE /* latte_pic_3_square.png */ = {isa = PBXFileReference; name = "latte_pic_3_square.png"; path = "../src/assets/coffee_assets/latte/square/latte_pic_3_square.png"; sourceTree = "<group>"; fileEncoding = undefined; lastKnownFileType = unknown; explicitFileType = undefined; includeInIndex = 0; };
		34AA6042B6264B839ED3E8C4 /* liberica_coffee_beans_portrait.png */ = {isa = PBXFileReference; name = "liberica_coffee_beans_portrait.png"; path = "../src/assets/coffee_assets/liberica_coffee_beans/liberica_coffee_beans_portrait.png"; sourceTree = "<group>"; fileEncoding = undefined; lastKnownFileType = unknown; explicitFileType = undefined; includeInIndex = 0; };
		F327A0846496403887767CE9 /* liberica_coffee_beans_square.png */ = {isa = PBXFileReference; name = "liberica_coffee_beans_square.png"; path = "../src/assets/coffee_assets/liberica_coffee_beans/liberica_coffee_beans_square.png"; sourceTree = "<group>"; fileEncoding = undefined; lastKnownFileType = unknown; explicitFileType = undefined; includeInIndex = 0; };
		9EACF1AEEB9F49F6B13AF206 /* macchiato_pic_1_portrait.png */ = {isa = PBXFileReference; name = "macchiato_pic_1_portrait.png"; path = "../src/assets/coffee_assets/macchiato/portrait/macchiato_pic_1_portrait.png"; sourceTree = "<group>"; fileEncoding = undefined; lastKnownFileType = unknown; explicitFileType = undefined; includeInIndex = 0; };
		77EB9251FDD043C9B4241FA5 /* macchiato_pic_2_portrait.png */ = {isa = PBXFileReference; name = "macchiato_pic_2_portrait.png"; path = "../src/assets/coffee_assets/macchiato/portrait/macchiato_pic_2_portrait.png"; sourceTree = "<group>"; fileEncoding = undefined; lastKnownFileType = unknown; explicitFileType = undefined; includeInIndex = 0; };
		C7A16252F6704FC68839DD48 /* macchiato_pic_3_portrait.png */ = {isa = PBXFileReference; name = "macchiato_pic_3_portrait.png"; path = "../src/assets/coffee_assets/macchiato/portrait/macchiato_pic_3_portrait.png"; sourceTree = "<group>"; fileEncoding = undefined; lastKnownFileType = unknown; explicitFileType = undefined; includeInIndex = 0; };
		301858AAAD2A409DBE32971D /* macchiato_pic_1_square.png */ = {isa = PBXFileReference; name = "macchiato_pic_1_square.png"; path = "../src/assets/coffee_assets/macchiato/square/macchiato_pic_1_square.png"; sourceTree = "<group>"; fileEncoding = undefined; lastKnownFileType = unknown; explicitFileType = undefined; includeInIndex = 0; };
		83263265444D437E92D4463C /* macchiato_pic_2_square.png */ = {isa = PBXFileReference; name = "macchiato_pic_2_square.png"; path = "../src/assets/coffee_assets/macchiato/square/macchiato_pic_2_square.png"; sourceTree = "<group>"; fileEncoding = undefined; lastKnownFileType = unknown; explicitFileType = undefined; includeInIndex = 0; };
		719CD1E3C7E4463DA8255C51 /* macchiato_pic_3_square.png */ = {isa = PBXFileReference; name = "macchiato_pic_3_square.png"; path = "../src/assets/coffee_assets/macchiato/square/macchiato_pic_3_square.png"; sourceTree = "<group>"; fileEncoding = undefined; lastKnownFileType = unknown; explicitFileType = undefined; includeInIndex = 0; };
		4E4843F21C2F4EDB804E0C99 /* robusta_coffee_beans_portrait.png */ = {isa = PBXFileReference; name = "robusta_coffee_beans_portrait.png"; path = "../src/assets/coffee_assets/robusta_coffee_beans/robusta_coffee_beans_portrait.png"; sourceTree = "<group>"; fileEncoding = undefined; lastKnownFileType = unknown; explicitFileType = undefined; includeInIndex = 0; };
		2CD5B369155D400194BD6EDB /* robusta_coffee_beans_square.png */ = {isa = PBXFileReference; name = "robusta_coffee_beans_square.png"; path = "../src/assets/coffee_assets/robusta_coffee_beans/robusta_coffee_beans_square.png"; sourceTree = "<group>"; fileEncoding = undefined; lastKnownFileType = unknown; explicitFileType = undefined; includeInIndex = 0; };
		8F4ECB1A382A48AAA4505C92 /* espresso_pic_1_portrait.png */ = {isa = PBXFileReference; name = "espresso_pic_1_portrait.png"; path = "../src/assets/coffee_assets/espresso/portrait/espresso_pic_1_portrait.png"; sourceTree = "<group>"; fileEncoding = undefined; lastKnownFileType = unknown; explicitFileType = undefined; includeInIndex = 0; };
		4D9F844C565E459A90DD690D /* espresso_pic_2_portrait.png */ = {isa = PBXFileReference; name = "espresso_pic_2_portrait.png"; path = "../src/assets/coffee_assets/espresso/portrait/espresso_pic_2_portrait.png"; sourceTree = "<group>"; fileEncoding = undefined; lastKnownFileType = unknown; explicitFileType = undefined; includeInIndex = 0; };
		F715CB6411F341FC8530C213 /* espresso_pic_3_portrait.png */ = {isa = PBXFileReference; name = "espresso_pic_3_portrait.png"; path = "../src/assets/coffee_assets/espresso/portrait/espresso_pic_3_portrait.png"; sourceTree = "<group>"; fileEncoding = undefined; lastKnownFileType = unknown; explicitFileType = undefined; includeInIndex = 0; };
		8193D6B8FC4240F28681EB70 /* gpay.png */ = {isa = PBXFileReference; name = "gpay.png"; path = "../src/assets/app_images/gpay.png"; sourceTree = "<group>"; fileEncoding = undefined; lastKnownFileType = unknown; explicitFileType = undefined; includeInIndex = 0; };
		33B8D438E90D46CA83E1A873 /* phonepelogoicon.png */ = {isa = PBXFileReference; name = "phonepelogoicon.png"; path = "../src/assets/app_images/phonepelogoicon.png"; sourceTree = "<group>"; fileEncoding = undefined; lastKnownFileType = unknown; explicitFileType = undefined; includeInIndex = 0; };
		D14B3A9A06E84F819966E414 /* paytmicon.png */ = {isa = PBXFileReference; name = "paytmicon.png"; path = "../src/assets/app_images/paytmicon.png"; sourceTree = "<group>"; fileEncoding = undefined; lastKnownFileType = unknown; explicitFileType = undefined; includeInIndex = 0; };
/* End PBXFileReference section */

/* Begin PBXFrameworksBuildPhase section */
		00E356EB1AD99517003FC87E /* Frameworks */ = {
			isa = PBXFrameworksBuildPhase;
			buildActionMask = 2147483647;
			files = (
				7699B88040F8A987B510C191 /* libPods-CafeCofee-CafeCofeeTests.a in Frameworks */,
			);
			runOnlyForDeploymentPostprocessing = 0;
		};
		13B07F8C1A680F5B00A75B9A /* Frameworks */ = {
			isa = PBXFrameworksBuildPhase;
			buildActionMask = 2147483647;
			files = (
				0C80B921A6F3F58F76C31292 /* libPods-CafeCofee.a in Frameworks */,
			);
			runOnlyForDeploymentPostprocessing = 0;
		};
/* End PBXFrameworksBuildPhase section */

/* Begin PBXGroup section */
		00E356EF1AD99517003FC87E /* CafeCofeeTests */ = {
			isa = PBXGroup;
			children = (
				00E356F21AD99517003FC87E /* CafeCofeeTests.m */,
				00E356F01AD99517003FC87E /* Supporting Files */,
			);
			path = CafeCofeeTests;
			sourceTree = "<group>";
		};
		00E356F01AD99517003FC87E /* Supporting Files */ = {
			isa = PBXGroup;
			children = (
				00E356F11AD99517003FC87E /* Info.plist */,
			);
			name = "Supporting Files";
			sourceTree = "<group>";
		};
		13B07FAE1A68108700A75B9A /* CafeCofee */ = {
			isa = PBXGroup;
			children = (
				13B07FAF1A68108700A75B9A /* AppDelegate.h */,
				13B07FB01A68108700A75B9A /* AppDelegate.mm */,
				13B07FB51A68108700A75B9A /* Images.xcassets */,
				13B07FB61A68108700A75B9A /* Info.plist */,
				81AB9BB72411601600AC10FF /* LaunchScreen.storyboard */,
				13B07FB71A68108700A75B9A /* main.m */,
			);
			name = CafeCofee;
			sourceTree = "<group>";
		};
		2D16E6871FA4F8E400B85C8A /* Frameworks */ = {
			isa = PBXGroup;
			children = (
				ED297162215061F000B7C4FE /* JavaScriptCore.framework */,
				5DCACB8F33CDC322A6C60F78 /* libPods-CafeCofee.a */,
				19F6CBCC0A4E27FBF8BF4A61 /* libPods-CafeCofee-CafeCofeeTests.a */,
			);
			name = Frameworks;
			sourceTree = "<group>";
		};
		832341AE1AAA6A7D00B99B32 /* Libraries */ = {
			isa = PBXGroup;
			children = (
			);
			name = Libraries;
			sourceTree = "<group>";
		};
		83CBB9F61A601CBA00E9B192 = {
			isa = PBXGroup;
			children = (
				13B07FAE1A68108700A75B9A /* CafeCofee */,
				832341AE1AAA6A7D00B99B32 /* Libraries */,
				00E356EF1AD99517003FC87E /* CafeCofeeTests */,
				83CBBA001A601CBA00E9B192 /* Products */,
				2D16E6871FA4F8E400B85C8A /* Frameworks */,
				BBD78D7AC51CEA395F1C20DB /* Pods */,
				AAE2DFDF1A1340CD95FF7DB7 /* Resources */,
			);
			indentWidth = 2;
			sourceTree = "<group>";
			tabWidth = 2;
			usesTabs = 0;
		};
		83CBBA001A601CBA00E9B192 /* Products */ = {
			isa = PBXGroup;
			children = (
				13B07F961A680F5B00A75B9A /* CafeCofee.app */,
				00E356EE1AD99517003FC87E /* CafeCofeeTests.xctest */,
			);
			name = Products;
			sourceTree = "<group>";
		};
		BBD78D7AC51CEA395F1C20DB /* Pods */ = {
			isa = PBXGroup;
			children = (
				3B4392A12AC88292D35C810B /* Pods-CafeCofee.debug.xcconfig */,
				5709B34CF0A7D63546082F79 /* Pods-CafeCofee.release.xcconfig */,
				5B7EB9410499542E8C5724F5 /* Pods-CafeCofee-CafeCofeeTests.debug.xcconfig */,
				89C6BE57DB24E9ADA2F236DE /* Pods-CafeCofee-CafeCofeeTests.release.xcconfig */,
			);
			path = Pods;
			sourceTree = "<group>";
		};
		AAE2DFDF1A1340CD95FF7DB7 /* Resources */ = {
			isa = "PBXGroup";
			children = (
				E4C2866B501142C891F458CE /* amazonpay.png */,
				108C8D7C9CF746FF829C6C0D /* applepay.png */,
				F0A3944C38E14BD89AE6ABCE /* avatar.png */,
				3696CBED6DC74813986CFBAB /* americano_pic_1_portrait.png */,
				B86D1CCE41A6426F924EE540 /* americano_pic_2_portrait.png */,
				E2E7200CBF0D48A1A520EDDB /* americano_pic_3_portrait.png */,
				BEF401CE4E7747E9B13B99A3 /* americano_pic_1_square.png */,
				054467E1104E418EA49BA5F1 /* americano_pic_2_square.png */,
				6FD8B1BEDD7E4098863FC2E2 /* americano_pic_3_square.png */,
				C21616550EE942A8B882E460 /* arabica_coffee_beans_portrait.png */,
				BD91F4084C8141E3874B83F2 /* arabica_coffee_beans_square.png */,
				F65B08B247F34BF49D8424ED /* black_coffee_pic_1_portrait.png */,
				C6143997B62E40B098842780 /* black_coffee_pic_2_portrait.png */,
				D7A81A45FA564D0A9116B8CE /* black_coffee_pic_3_portrait.png */,
				F0D03DB1793646FCB8A66F36 /* black_coffee_pic_1_square.png */,
				63BD75AC8DF6414488223258 /* black_coffee_pic_2_square.png */,
				00ADBD20E4204107BA817A61 /* black_coffee_pic_3_square.png */,
				6C2789522F114A72A6A50914 /* cappuccino_pic_1_portrait.png */,
				6F1BFBEB22AA40739888077D /* cappuccino_pic_2_portrait.png */,
				46CAA572F5304287834F43A8 /* cappuccino_pic_3_portrait.png */,
				223B03D8F9864078BCF7F076 /* cappuccino_pic_1_square.png */,
				8813B890707E454D8742649B /* cappuccino_pic_2_square.png */,
				F8C5EF536BEA4F89BF7AF88F /* cappuccino_pic_3_square.png */,
				2CEBEF054796416CBC7292DC /* app_icons.ttf */,
				1716934201964206A158005B /* Poppins-Black.ttf */,
				DB356295C649481A9CE15F6E /* Poppins-Bold.ttf */,
				B1BB7CBA0C83487A81059080 /* Poppins-ExtraBold.ttf */,
				BA81E377B1724980AA08A159 /* Poppins-ExtraLight.ttf */,
				B3CB774F288F46019048C33B /* Poppins-Light.ttf */,
				CA17DE78E32D4532BC3A7B6B /* Poppins-Medium.ttf */,
				E3AD3F95625D4DC4B95E0511 /* Poppins-Regular.ttf */,
				518F225D37DB4A0AB8247417 /* Poppins-SemiBold.ttf */,
				410A9CDDECDE4ACD8B7959C3 /* Poppins-Thin.ttf */,
				E2383813B5A34C9B82DDDBF4 /* user.png */,
				96C630FDC320488B88EB2068 /* espresso_pic_1_square.png */,
				4790646B76FC40E59481568E /* espresso_pic_2_square.png */,
				AB8037D663E7437BA422C9CE /* espresso_pic_3_square.png */,
				7C62A9105AEA434FBA380D79 /* excelsa_coffee_beans_portrait.png */,
				4B91492BC1B64CCCAF736D93 /* excelsa_coffee_beans_square.png */,
				58327AAEB430426899864DA5 /* latte_pic_1_portrait.png */,
				422969C5C6DC4316BC0FACB1 /* latte_pic_2_portrait.png */,
				90D6B695A0864B7ABD62BE3A /* latte_pic_3_portrait.png */,
				F92AA46A29C04B42BF665B83 /* latte_pic_1_square.png */,
				9819B65C4EF947C99307985B /* latte_pic_2_square.png */,
				42D9C79CBCF647FBA2AC37BE /* latte_pic_3_square.png */,
				34AA6042B6264B839ED3E8C4 /* liberica_coffee_beans_portrait.png */,
				F327A0846496403887767CE9 /* liberica_coffee_beans_square.png */,
				9EACF1AEEB9F49F6B13AF206 /* macchiato_pic_1_portrait.png */,
				77EB9251FDD043C9B4241FA5 /* macchiato_pic_2_portrait.png */,
				C7A16252F6704FC68839DD48 /* macchiato_pic_3_portrait.png */,
				301858AAAD2A409DBE32971D /* macchiato_pic_1_square.png */,
				83263265444D437E92D4463C /* macchiato_pic_2_square.png */,
				719CD1E3C7E4463DA8255C51 /* macchiato_pic_3_square.png */,
				4E4843F21C2F4EDB804E0C99 /* robusta_coffee_beans_portrait.png */,
				2CD5B369155D400194BD6EDB /* robusta_coffee_beans_square.png */,
				8F4ECB1A382A48AAA4505C92 /* espresso_pic_1_portrait.png */,
				4D9F844C565E459A90DD690D /* espresso_pic_2_portrait.png */,
				F715CB6411F341FC8530C213 /* espresso_pic_3_portrait.png */,
				8193D6B8FC4240F28681EB70 /* gpay.png */,
				33B8D438E90D46CA83E1A873 /* phonepelogoicon.png */,
				D14B3A9A06E84F819966E414 /* paytmicon.png */,
			);
			name = Resources;
			sourceTree = "<group>";
			path = "";
		};
/* End PBXGroup section */

/* Begin PBXNativeTarget section */
		00E356ED1AD99517003FC87E /* CafeCofeeTests */ = {
			isa = PBXNativeTarget;
			buildConfigurationList = 00E357021AD99517003FC87E /* Build configuration list for PBXNativeTarget "CafeCofeeTests" */;
			buildPhases = (
				A55EABD7B0C7F3A422A6CC61 /* [CP] Check Pods Manifest.lock */,
				00E356EA1AD99517003FC87E /* Sources */,
				00E356EB1AD99517003FC87E /* Frameworks */,
				00E356EC1AD99517003FC87E /* Resources */,
				C59DA0FBD6956966B86A3779 /* [CP] Embed Pods Frameworks */,
				F6A41C54EA430FDDC6A6ED99 /* [CP] Copy Pods Resources */,
			);
			buildRules = (
			);
			dependencies = (
				00E356F51AD99517003FC87E /* PBXTargetDependency */,
			);
			name = CafeCofeeTests;
			productName = CafeCofeeTests;
			productReference = 00E356EE1AD99517003FC87E /* CafeCofeeTests.xctest */;
			productType = "com.apple.product-type.bundle.unit-test";
		};
		13B07F861A680F5B00A75B9A /* CafeCofee */ = {
			isa = PBXNativeTarget;
			buildConfigurationList = 13B07F931A680F5B00A75B9A /* Build configuration list for PBXNativeTarget "CafeCofee" */;
			buildPhases = (
				C38B50BA6285516D6DCD4F65 /* [CP] Check Pods Manifest.lock */,
				13B07F871A680F5B00A75B9A /* Sources */,
				13B07F8C1A680F5B00A75B9A /* Frameworks */,
				13B07F8E1A680F5B00A75B9A /* Resources */,
				00DD1BFF1BD5951E006B06BC /* Bundle React Native code and images */,
				00EEFC60759A1932668264C0 /* [CP] Embed Pods Frameworks */,
				E235C05ADACE081382539298 /* [CP] Copy Pods Resources */,
			);
			buildRules = (
			);
			dependencies = (
			);
			name = CafeCofee;
			productName = CafeCofee;
			productReference = 13B07F961A680F5B00A75B9A /* CafeCofee.app */;
			productType = "com.apple.product-type.application";
		};
/* End PBXNativeTarget section */

/* Begin PBXProject section */
		83CBB9F71A601CBA00E9B192 /* Project object */ = {
			isa = PBXProject;
			attributes = {
				LastUpgradeCheck = 1210;
				TargetAttributes = {
					00E356ED1AD99517003FC87E = {
						CreatedOnToolsVersion = 6.2;
						TestTargetID = 13B07F861A680F5B00A75B9A;
					};
					13B07F861A680F5B00A75B9A = {
						LastSwiftMigration = 1120;
					};
				};
			};
			buildConfigurationList = 83CBB9FA1A601CBA00E9B192 /* Build configuration list for PBXProject "CafeCofee" */;
			compatibilityVersion = "Xcode 12.0";
			developmentRegion = en;
			hasScannedForEncodings = 0;
			knownRegions = (
				en,
				Base,
			);
			mainGroup = 83CBB9F61A601CBA00E9B192;
			productRefGroup = 83CBBA001A601CBA00E9B192 /* Products */;
			projectDirPath = "";
			projectRoot = "";
			targets = (
				13B07F861A680F5B00A75B9A /* CafeCofee */,
				00E356ED1AD99517003FC87E /* CafeCofeeTests */,
			);
		};
/* End PBXProject section */

/* Begin PBXResourcesBuildPhase section */
		00E356EC1AD99517003FC87E /* Resources */ = {
			isa = PBXResourcesBuildPhase;
			buildActionMask = 2147483647;
			files = (
			);
			runOnlyForDeploymentPostprocessing = 0;
		};
		13B07F8E1A680F5B00A75B9A /* Resources */ = {
			isa = PBXResourcesBuildPhase;
			buildActionMask = 2147483647;
			files = (
				81AB9BB82411601600AC10FF /* LaunchScreen.storyboard in Resources */,
				13B07FBF1A68108700A75B9A /* Images.xcassets in Resources */,
				0C2B2A2C3A4546AD9E4FCD83 /* amazonpay.png in Resources */,
				D7D78FA4D6534EC9BDA9FD1C /* applepay.png in Resources */,
				422ABDC8A7534EE0BB9BBD0C /* avatar.png in Resources */,
				D5CC9C6E666048C5AF7E563F /* americano_pic_1_portrait.png in Resources */,
				7C3F1E0180CA4AE58917DC42 /* americano_pic_2_portrait.png in Resources */,
				0DC9D1D8BA704C6C8B2077EF /* americano_pic_3_portrait.png in Resources */,
				367167274B114F6E88D3FB12 /* americano_pic_1_square.png in Resources */,
				845C7DE8F63C411097041352 /* americano_pic_2_square.png in Resources */,
				B59939D7B2034E25884131DE /* americano_pic_3_square.png in Resources */,
				17B4C355ABEE460D9E360EE9 /* arabica_coffee_beans_portrait.png in Resources */,
				386445129B7F47E28B990AE8 /* arabica_coffee_beans_square.png in Resources */,
				4DB182CC6D7949BEBB67CD0C /* black_coffee_pic_1_portrait.png in Resources */,
				2D9E5137386142C59D6C8070 /* black_coffee_pic_2_portrait.png in Resources */,
				76CC09C1122948C29E51FAB5 /* black_coffee_pic_3_portrait.png in Resources */,
				DDD1CB12A4604FB596D5876B /* black_coffee_pic_1_square.png in Resources */,
				B3F0153544434B9984541933 /* black_coffee_pic_2_square.png in Resources */,
				739E3D1C57F6448181D7A1AF /* black_coffee_pic_3_square.png in Resources */,
				0DBF28FC61D84A178C8D507B /* cappuccino_pic_1_portrait.png in Resources */,
				27C89C6B0C7941FCB418DFAE /* cappuccino_pic_2_portrait.png in Resources */,
				40B700909B44443DA260F396 /* cappuccino_pic_3_portrait.png in Resources */,
				4BECE17AAB31498C91994348 /* cappuccino_pic_1_square.png in Resources */,
				479D249DF1D64C9D95BC23FE /* cappuccino_pic_2_square.png in Resources */,
				FF2B7D5597CC47288F467683 /* cappuccino_pic_3_square.png in Resources */,
				DAE375CA2B7044C8B109C7A4 /* app_icons.ttf in Resources */,
				8BAF6359EEE74067A5D12DBB /* Poppins-Black.ttf in Resources */,
				FEE3052DE4A24F628883AB5C /* Poppins-Bold.ttf in Resources */,
				7254AF8FBEC64BB3ADAD7013 /* Poppins-ExtraBold.ttf in Resources */,
				16569DA4F1074CF9B11DEFCA /* Poppins-ExtraLight.ttf in Resources */,
				BAAD6AABA9FE4D859C15CAC3 /* Poppins-Light.ttf in Resources */,
				B21B79E3BD6141A39E154DEB /* Poppins-Medium.ttf in Resources */,
				CC179454AF45484DA4C436A8 /* Poppins-Regular.ttf in Resources */,
				FDB93ED89A3E4E70B6A691C9 /* Poppins-SemiBold.ttf in Resources */,
				7012ACA4A4CB45C0B941CB08 /* Poppins-Thin.ttf in Resources */,
				7B9386D7BEE946E9AADD82EF /* user.png in Resources */,
				D836829F25A54D33B1029B10 /* espresso_pic_1_square.png in Resources */,
				1375AB15B6414813BCA51985 /* espresso_pic_2_square.png in Resources */,
				E58D0133F3854106B31E17FA /* espresso_pic_3_square.png in Resources */,
				BD0F4A7D72A04575AA5E3365 /* excelsa_coffee_beans_portrait.png in Resources */,
				B2F557BFF6584B76828E6A19 /* excelsa_coffee_beans_square.png in Resources */,
				DFF53CB64CDE4AE98C642969 /* latte_pic_1_portrait.png in Resources */,
				2FCB80C108B54D38AFAD88DD /* latte_pic_2_portrait.png in Resources */,
				3730ED36E042485791ED7DF2 /* latte_pic_3_portrait.png in Resources */,
				700ABF5E58D84452A6D1145E /* latte_pic_1_square.png in Resources */,
				0E3D0E061C914E7B89B34A42 /* latte_pic_2_square.png in Resources */,
				ABFC1CCD28F2422EA64ABBDE /* latte_pic_3_square.png in Resources */,
				2E3BEFF3B7544FED964BBECE /* liberica_coffee_beans_portrait.png in Resources */,
				61341D6BF2DC4382B2EF5881 /* liberica_coffee_beans_square.png in Resources */,
				93A2E93565F7471E8D48EDE5 /* macchiato_pic_1_portrait.png in Resources */,
				0C3B8808129F4D18B312C842 /* macchiato_pic_2_portrait.png in Resources */,
				8C62996F8B5C4FCA9C2E1E84 /* macchiato_pic_3_portrait.png in Resources */,
				1D174D9C4BAC40EB9CC66B29 /* macchiato_pic_1_square.png in Resources */,
				D3A47230C63D410EADECF9DE /* macchiato_pic_2_square.png in Resources */,
				EBC59C5F15BE472FB4624982 /* macchiato_pic_3_square.png in Resources */,
				48420BE41C5B4E8AA366A36B /* robusta_coffee_beans_portrait.png in Resources */,
				ED32E49768FC46C98611E05C /* robusta_coffee_beans_square.png in Resources */,
				1BBC9D2D9B4545BA8C33FC3E /* espresso_pic_1_portrait.png in Resources */,
				E40F3305F79E456593B8B081 /* espresso_pic_2_portrait.png in Resources */,
				62ED059BF67E40B1A8D2D37E /* espresso_pic_3_portrait.png in Resources */,
				13DCB98080464A0EA769569F /* gpay.png in Resources */,
				0644FFB5E8154CEC817FEDCC /* phonepelogoicon.png in Resources */,
				22B1A19C0F3C43E683EA4BC5 /* paytmicon.png in Resources */,
			);
			runOnlyForDeploymentPostprocessing = 0;
		};
/* End PBXResourcesBuildPhase section */

/* Begin PBXShellScriptBuildPhase section */
		00DD1BFF1BD5951E006B06BC /* Bundle React Native code and images */ = {
			isa = PBXShellScriptBuildPhase;
			buildActionMask = 2147483647;
			files = (
			);
			inputPaths = (
				"$(SRCROOT)/.xcode.env.local",
				"$(SRCROOT)/.xcode.env",
			);
			name = "Bundle React Native code and images";
			outputPaths = (
			);
			runOnlyForDeploymentPostprocessing = 0;
			shellPath = /bin/sh;
			shellScript = "set -e\n\nWITH_ENVIRONMENT=\"../node_modules/react-native/scripts/xcode/with-environment.sh\"\nREACT_NATIVE_XCODE=\"../node_modules/react-native/scripts/react-native-xcode.sh\"\n\n/bin/sh -c \"$WITH_ENVIRONMENT $REACT_NATIVE_XCODE\"\n";
		};
		00EEFC60759A1932668264C0 /* [CP] Embed Pods Frameworks */ = {
			isa = PBXShellScriptBuildPhase;
			buildActionMask = 2147483647;
			files = (
			);
			inputFileListPaths = (
				"${PODS_ROOT}/Target Support Files/Pods-CafeCofee/Pods-CafeCofee-frameworks-${CONFIGURATION}-input-files.xcfilelist",
			);
			name = "[CP] Embed Pods Frameworks";
			outputFileListPaths = (
				"${PODS_ROOT}/Target Support Files/Pods-CafeCofee/Pods-CafeCofee-frameworks-${CONFIGURATION}-output-files.xcfilelist",
			);
			runOnlyForDeploymentPostprocessing = 0;
			shellPath = /bin/sh;
			shellScript = "\"${PODS_ROOT}/Target Support Files/Pods-CafeCofee/Pods-CafeCofee-frameworks.sh\"\n";
			showEnvVarsInLog = 0;
		};
		A55EABD7B0C7F3A422A6CC61 /* [CP] Check Pods Manifest.lock */ = {
			isa = PBXShellScriptBuildPhase;
			buildActionMask = 2147483647;
			files = (
			);
			inputFileListPaths = (
			);
			inputPaths = (
				"${PODS_PODFILE_DIR_PATH}/Podfile.lock",
				"${PODS_ROOT}/Manifest.lock",
			);
			name = "[CP] Check Pods Manifest.lock";
			outputFileListPaths = (
			);
			outputPaths = (
				"$(DERIVED_FILE_DIR)/Pods-CafeCofee-CafeCofeeTests-checkManifestLockResult.txt",
			);
			runOnlyForDeploymentPostprocessing = 0;
			shellPath = /bin/sh;
			shellScript = "diff \"${PODS_PODFILE_DIR_PATH}/Podfile.lock\" \"${PODS_ROOT}/Manifest.lock\" > /dev/null\nif [ $? != 0 ] ; then\n    # print error to STDERR\n    echo \"error: The sandbox is not in sync with the Podfile.lock. Run 'pod install' or update your CocoaPods installation.\" >&2\n    exit 1\nfi\n# This output is used by Xcode 'outputs' to avoid re-running this script phase.\necho \"SUCCESS\" > \"${SCRIPT_OUTPUT_FILE_0}\"\n";
			showEnvVarsInLog = 0;
		};
		C38B50BA6285516D6DCD4F65 /* [CP] Check Pods Manifest.lock */ = {
			isa = PBXShellScriptBuildPhase;
			buildActionMask = 2147483647;
			files = (
			);
			inputFileListPaths = (
			);
			inputPaths = (
				"${PODS_PODFILE_DIR_PATH}/Podfile.lock",
				"${PODS_ROOT}/Manifest.lock",
			);
			name = "[CP] Check Pods Manifest.lock";
			outputFileListPaths = (
			);
			outputPaths = (
				"$(DERIVED_FILE_DIR)/Pods-CafeCofee-checkManifestLockResult.txt",
			);
			runOnlyForDeploymentPostprocessing = 0;
			shellPath = /bin/sh;
			shellScript = "diff \"${PODS_PODFILE_DIR_PATH}/Podfile.lock\" \"${PODS_ROOT}/Manifest.lock\" > /dev/null\nif [ $? != 0 ] ; then\n    # print error to STDERR\n    echo \"error: The sandbox is not in sync with the Podfile.lock. Run 'pod install' or update your CocoaPods installation.\" >&2\n    exit 1\nfi\n# This output is used by Xcode 'outputs' to avoid re-running this script phase.\necho \"SUCCESS\" > \"${SCRIPT_OUTPUT_FILE_0}\"\n";
			showEnvVarsInLog = 0;
		};
		C59DA0FBD6956966B86A3779 /* [CP] Embed Pods Frameworks */ = {
			isa = PBXShellScriptBuildPhase;
			buildActionMask = 2147483647;
			files = (
			);
			inputFileListPaths = (
				"${PODS_ROOT}/Target Support Files/Pods-CafeCofee-CafeCofeeTests/Pods-CafeCofee-CafeCofeeTests-frameworks-${CONFIGURATION}-input-files.xcfilelist",
			);
			name = "[CP] Embed Pods Frameworks";
			outputFileListPaths = (
				"${PODS_ROOT}/Target Support Files/Pods-CafeCofee-CafeCofeeTests/Pods-CafeCofee-CafeCofeeTests-frameworks-${CONFIGURATION}-output-files.xcfilelist",
			);
			runOnlyForDeploymentPostprocessing = 0;
			shellPath = /bin/sh;
			shellScript = "\"${PODS_ROOT}/Target Support Files/Pods-CafeCofee-CafeCofeeTests/Pods-CafeCofee-CafeCofeeTests-frameworks.sh\"\n";
			showEnvVarsInLog = 0;
		};
		E235C05ADACE081382539298 /* [CP] Copy Pods Resources */ = {
			isa = PBXShellScriptBuildPhase;
			buildActionMask = 2147483647;
			files = (
			);
			inputFileListPaths = (
				"${PODS_ROOT}/Target Support Files/Pods-CafeCofee/Pods-CafeCofee-resources-${CONFIGURATION}-input-files.xcfilelist",
			);
			name = "[CP] Copy Pods Resources";
			outputFileListPaths = (
				"${PODS_ROOT}/Target Support Files/Pods-CafeCofee/Pods-CafeCofee-resources-${CONFIGURATION}-output-files.xcfilelist",
			);
			runOnlyForDeploymentPostprocessing = 0;
			shellPath = /bin/sh;
			shellScript = "\"${PODS_ROOT}/Target Support Files/Pods-CafeCofee/Pods-CafeCofee-resources.sh\"\n";
			showEnvVarsInLog = 0;
		};
		F6A41C54EA430FDDC6A6ED99 /* [CP] Copy Pods Resources */ = {
			isa = PBXShellScriptBuildPhase;
			buildActionMask = 2147483647;
			files = (
			);
			inputFileListPaths = (
				"${PODS_ROOT}/Target Support Files/Pods-CafeCofee-CafeCofeeTests/Pods-CafeCofee-CafeCofeeTests-resources-${CONFIGURATION}-input-files.xcfilelist",
			);
			name = "[CP] Copy Pods Resources";
			outputFileListPaths = (
				"${PODS_ROOT}/Target Support Files/Pods-CafeCofee-CafeCofeeTests/Pods-CafeCofee-CafeCofeeTests-resources-${CONFIGURATION}-output-files.xcfilelist",
			);
			runOnlyForDeploymentPostprocessing = 0;
			shellPath = /bin/sh;
			shellScript = "\"${PODS_ROOT}/Target Support Files/Pods-CafeCofee-CafeCofeeTests/Pods-CafeCofee-CafeCofeeTests-resources.sh\"\n";
			showEnvVarsInLog = 0;
		};
/* End PBXShellScriptBuildPhase section */

/* Begin PBXSourcesBuildPhase section */
		00E356EA1AD99517003FC87E /* Sources */ = {
			isa = PBXSourcesBuildPhase;
			buildActionMask = 2147483647;
			files = (
				00E356F31AD99517003FC87E /* CafeCofeeTests.m in Sources */,
			);
			runOnlyForDeploymentPostprocessing = 0;
		};
		13B07F871A680F5B00A75B9A /* Sources */ = {
			isa = PBXSourcesBuildPhase;
			buildActionMask = 2147483647;
			files = (
				13B07FBC1A68108700A75B9A /* AppDelegate.mm in Sources */,
				13B07FC11A68108700A75B9A /* main.m in Sources */,
			);
			runOnlyForDeploymentPostprocessing = 0;
		};
/* End PBXSourcesBuildPhase section */

/* Begin PBXTargetDependency section */
		00E356F51AD99517003FC87E /* PBXTargetDependency */ = {
			isa = PBXTargetDependency;
			target = 13B07F861A680F5B00A75B9A /* CafeCofee */;
			targetProxy = 00E356F41AD99517003FC87E /* PBXContainerItemProxy */;
		};
/* End PBXTargetDependency section */

/* Begin XCBuildConfiguration section */
		00E356F61AD99517003FC87E /* Debug */ = {
			isa = XCBuildConfiguration;
			baseConfigurationReference = 5B7EB9410499542E8C5724F5 /* Pods-CafeCofee-CafeCofeeTests.debug.xcconfig */;
			buildSettings = {
				BUNDLE_LOADER = "$(TEST_HOST)";
				GCC_PREPROCESSOR_DEFINITIONS = (
					"DEBUG=1",
					"$(inherited)",
				);
				INFOPLIST_FILE = CafeCofeeTests/Info.plist;
				IPHONEOS_DEPLOYMENT_TARGET = 13.4;
				LD_RUNPATH_SEARCH_PATHS = (
					"$(inherited)",
					"@executable_path/Frameworks",
					"@loader_path/Frameworks",
				);
				OTHER_LDFLAGS = (
					"-ObjC",
					"-lc++",
					"$(inherited)",
				);
				PRODUCT_BUNDLE_IDENTIFIER = "org.reactjs.native.example.$(PRODUCT_NAME:rfc1034identifier)";
				PRODUCT_NAME = "$(TARGET_NAME)";
				TEST_HOST = "$(BUILT_PRODUCTS_DIR)/CafeCofee.app/CafeCofee";
			};
			name = Debug;
		};
		00E356F71AD99517003FC87E /* Release */ = {
			isa = XCBuildConfiguration;
			baseConfigurationReference = 89C6BE57DB24E9ADA2F236DE /* Pods-CafeCofee-CafeCofeeTests.release.xcconfig */;
			buildSettings = {
				BUNDLE_LOADER = "$(TEST_HOST)";
				COPY_PHASE_STRIP = NO;
				INFOPLIST_FILE = CafeCofeeTests/Info.plist;
				IPHONEOS_DEPLOYMENT_TARGET = 13.4;
				LD_RUNPATH_SEARCH_PATHS = (
					"$(inherited)",
					"@executable_path/Frameworks",
					"@loader_path/Frameworks",
				);
				OTHER_LDFLAGS = (
					"-ObjC",
					"-lc++",
					"$(inherited)",
				);
				PRODUCT_BUNDLE_IDENTIFIER = "org.reactjs.native.example.$(PRODUCT_NAME:rfc1034identifier)";
				PRODUCT_NAME = "$(TARGET_NAME)";
				TEST_HOST = "$(BUILT_PRODUCTS_DIR)/CafeCofee.app/CafeCofee";
			};
			name = Release;
		};
		13B07F941A680F5B00A75B9A /* Debug */ = {
			isa = XCBuildConfiguration;
			baseConfigurationReference = 3B4392A12AC88292D35C810B /* Pods-CafeCofee.debug.xcconfig */;
			buildSettings = {
				ASSETCATALOG_COMPILER_APPICON_NAME = AppIcon;
				CLANG_ENABLE_MODULES = YES;
				CURRENT_PROJECT_VERSION = 1;
				ENABLE_BITCODE = NO;
				INFOPLIST_FILE = CafeCofee/Info.plist;
				LD_RUNPATH_SEARCH_PATHS = (
					"$(inherited)",
					"@executable_path/Frameworks",
				);
				MARKETING_VERSION = 1.0;
				OTHER_LDFLAGS = (
					"$(inherited)",
					"-ObjC",
					"-lc++",
				);
				PRODUCT_BUNDLE_IDENTIFIER = "org.reactjs.native.example.$(PRODUCT_NAME:rfc1034identifier)";
				PRODUCT_NAME = CafeCofee;
				SWIFT_OPTIMIZATION_LEVEL = "-Onone";
				SWIFT_VERSION = 5.0;
				VERSIONING_SYSTEM = "apple-generic";
			};
			name = Debug;
		};
		13B07F951A680F5B00A75B9A /* Release */ = {
			isa = XCBuildConfiguration;
			baseConfigurationReference = 5709B34CF0A7D63546082F79 /* Pods-CafeCofee.release.xcconfig */;
			buildSettings = {
				ASSETCATALOG_COMPILER_APPICON_NAME = AppIcon;
				CLANG_ENABLE_MODULES = YES;
				CURRENT_PROJECT_VERSION = 1;
				INFOPLIST_FILE = CafeCofee/Info.plist;
				LD_RUNPATH_SEARCH_PATHS = (
					"$(inherited)",
					"@executable_path/Frameworks",
				);
				MARKETING_VERSION = 1.0;
				OTHER_LDFLAGS = (
					"$(inherited)",
					"-ObjC",
					"-lc++",
				);
				PRODUCT_BUNDLE_IDENTIFIER = "org.reactjs.native.example.$(PRODUCT_NAME:rfc1034identifier)";
				PRODUCT_NAME = CafeCofee;
				SWIFT_VERSION = 5.0;
				VERSIONING_SYSTEM = "apple-generic";
			};
			name = Release;
		};
		83CBBA201A601CBA00E9B192 /* Debug */ = {
			isa = XCBuildConfiguration;
			buildSettings = {
				ALWAYS_SEARCH_USER_PATHS = NO;
				CLANG_ANALYZER_LOCALIZABILITY_NONLOCALIZED = YES;
				CLANG_CXX_LANGUAGE_STANDARD = "c++20";
				CLANG_CXX_LIBRARY = "libc++";
				CLANG_ENABLE_MODULES = YES;
				CLANG_ENABLE_OBJC_ARC = YES;
				CLANG_WARN_BLOCK_CAPTURE_AUTORELEASING = YES;
				CLANG_WARN_BOOL_CONVERSION = YES;
				CLANG_WARN_COMMA = YES;
				CLANG_WARN_CONSTANT_CONVERSION = YES;
				CLANG_WARN_DEPRECATED_OBJC_IMPLEMENTATIONS = YES;
				CLANG_WARN_DIRECT_OBJC_ISA_USAGE = YES_ERROR;
				CLANG_WARN_EMPTY_BODY = YES;
				CLANG_WARN_ENUM_CONVERSION = YES;
				CLANG_WARN_INFINITE_RECURSION = YES;
				CLANG_WARN_INT_CONVERSION = YES;
				CLANG_WARN_NON_LITERAL_NULL_CONVERSION = YES;
				CLANG_WARN_OBJC_IMPLICIT_RETAIN_SELF = YES;
				CLANG_WARN_OBJC_LITERAL_CONVERSION = YES;
				CLANG_WARN_OBJC_ROOT_CLASS = YES_ERROR;
				CLANG_WARN_QUOTED_INCLUDE_IN_FRAMEWORK_HEADER = YES;
				CLANG_WARN_RANGE_LOOP_ANALYSIS = YES;
				CLANG_WARN_STRICT_PROTOTYPES = YES;
				CLANG_WARN_SUSPICIOUS_MOVE = YES;
				CLANG_WARN_UNREACHABLE_CODE = YES;
				CLANG_WARN__DUPLICATE_METHOD_MATCH = YES;
				"CODE_SIGN_IDENTITY[sdk=iphoneos*]" = "iPhone Developer";
				COPY_PHASE_STRIP = NO;
				ENABLE_STRICT_OBJC_MSGSEND = YES;
				ENABLE_TESTABILITY = YES;
				"EXCLUDED_ARCHS[sdk=iphonesimulator*]" = "";
				GCC_C_LANGUAGE_STANDARD = gnu99;
				GCC_DYNAMIC_NO_PIC = NO;
				GCC_NO_COMMON_BLOCKS = YES;
				GCC_OPTIMIZATION_LEVEL = 0;
				GCC_PREPROCESSOR_DEFINITIONS = (
					"DEBUG=1",
					"$(inherited)",
				);
				GCC_SYMBOLS_PRIVATE_EXTERN = NO;
				GCC_WARN_64_TO_32_BIT_CONVERSION = YES;
				GCC_WARN_ABOUT_RETURN_TYPE = YES_ERROR;
				GCC_WARN_UNDECLARED_SELECTOR = YES;
				GCC_WARN_UNINITIALIZED_AUTOS = YES_AGGRESSIVE;
				GCC_WARN_UNUSED_FUNCTION = YES;
				GCC_WARN_UNUSED_VARIABLE = YES;
				IPHONEOS_DEPLOYMENT_TARGET = 13.4;
				LD_RUNPATH_SEARCH_PATHS = (
					/usr/lib/swift,
					"$(inherited)",
				);
				LIBRARY_SEARCH_PATHS = (
					"\"$(SDKROOT)/usr/lib/swift\"",
					"\"$(TOOLCHAIN_DIR)/usr/lib/swift/$(PLATFORM_NAME)\"",
					"\"$(inherited)\"",
				);
				MTL_ENABLE_DEBUG_INFO = YES;
				ONLY_ACTIVE_ARCH = YES;
				OTHER_CPLUSPLUSFLAGS = (
					"$(OTHER_CFLAGS)",
					"-DFOLLY_NO_CONFIG",
					"-DFOLLY_MOBILE=1",
					"-DFOLLY_USE_LIBCPP=1",
					"-DFOLLY_CFG_NO_COROUTINES=1",
				);
				SDKROOT = iphoneos;
			};
			name = Debug;
		};
		83CBBA211A601CBA00E9B192 /* Release */ = {
			isa = XCBuildConfiguration;
			buildSettings = {
				ALWAYS_SEARCH_USER_PATHS = NO;
				CLANG_ANALYZER_LOCALIZABILITY_NONLOCALIZED = YES;
				CLANG_CXX_LANGUAGE_STANDARD = "c++20";
				CLANG_CXX_LIBRARY = "libc++";
				CLANG_ENABLE_MODULES = YES;
				CLANG_ENABLE_OBJC_ARC = YES;
				CLANG_WARN_BLOCK_CAPTURE_AUTORELEASING = YES;
				CLANG_WARN_BOOL_CONVERSION = YES;
				CLANG_WARN_COMMA = YES;
				CLANG_WARN_CONSTANT_CONVERSION = YES;
				CLANG_WARN_DEPRECATED_OBJC_IMPLEMENTATIONS = YES;
				CLANG_WARN_DIRECT_OBJC_ISA_USAGE = YES_ERROR;
				CLANG_WARN_EMPTY_BODY = YES;
				CLANG_WARN_ENUM_CONVERSION = YES;
				CLANG_WARN_INFINITE_RECURSION = YES;
				CLANG_WARN_INT_CONVERSION = YES;
				CLANG_WARN_NON_LITERAL_NULL_CONVERSION = YES;
				CLANG_WARN_OBJC_IMPLICIT_RETAIN_SELF = YES;
				CLANG_WARN_OBJC_LITERAL_CONVERSION = YES;
				CLANG_WARN_OBJC_ROOT_CLASS = YES_ERROR;
				CLANG_WARN_QUOTED_INCLUDE_IN_FRAMEWORK_HEADER = YES;
				CLANG_WARN_RANGE_LOOP_ANALYSIS = YES;
				CLANG_WARN_STRICT_PROTOTYPES = YES;
				CLANG_WARN_SUSPICIOUS_MOVE = YES;
				CLANG_WARN_UNREACHABLE_CODE = YES;
				CLANG_WARN__DUPLICATE_METHOD_MATCH = YES;
				"CODE_SIGN_IDENTITY[sdk=iphoneos*]" = "iPhone Developer";
				COPY_PHASE_STRIP = YES;
				ENABLE_NS_ASSERTIONS = NO;
				ENABLE_STRICT_OBJC_MSGSEND = YES;
				"EXCLUDED_ARCHS[sdk=iphonesimulator*]" = "";
				GCC_C_LANGUAGE_STANDARD = gnu99;
				GCC_NO_COMMON_BLOCKS = YES;
				GCC_WARN_64_TO_32_BIT_CONVERSION = YES;
				GCC_WARN_ABOUT_RETURN_TYPE = YES_ERROR;
				GCC_WARN_UNDECLARED_SELECTOR = YES;
				GCC_WARN_UNINITIALIZED_AUTOS = YES_AGGRESSIVE;
				GCC_WARN_UNUSED_FUNCTION = YES;
				GCC_WARN_UNUSED_VARIABLE = YES;
				IPHONEOS_DEPLOYMENT_TARGET = 13.4;
				LD_RUNPATH_SEARCH_PATHS = (
					/usr/lib/swift,
					"$(inherited)",
				);
				LIBRARY_SEARCH_PATHS = (
					"\"$(SDKROOT)/usr/lib/swift\"",
					"\"$(TOOLCHAIN_DIR)/usr/lib/swift/$(PLATFORM_NAME)\"",
					"\"$(inherited)\"",
				);
				MTL_ENABLE_DEBUG_INFO = NO;
				OTHER_CPLUSPLUSFLAGS = (
					"$(OTHER_CFLAGS)",
					"-DFOLLY_NO_CONFIG",
					"-DFOLLY_MOBILE=1",
					"-DFOLLY_USE_LIBCPP=1",
					"-DFOLLY_CFG_NO_COROUTINES=1",
				);
				SDKROOT = iphoneos;
				VALIDATE_PRODUCT = YES;
			};
			name = Release;
		};
/* End XCBuildConfiguration section */

/* Begin XCConfigurationList section */
		00E357021AD99517003FC87E /* Build configuration list for PBXNativeTarget "CafeCofeeTests" */ = {
			isa = XCConfigurationList;
			buildConfigurations = (
				00E356F61AD99517003FC87E /* Debug */,
				00E356F71AD99517003FC87E /* Release */,
			);
			defaultConfigurationIsVisible = 0;
			defaultConfigurationName = Release;
		};
		13B07F931A680F5B00A75B9A /* Build configuration list for PBXNativeTarget "CafeCofee" */ = {
			isa = XCConfigurationList;
			buildConfigurations = (
				13B07F941A680F5B00A75B9A /* Debug */,
				13B07F951A680F5B00A75B9A /* Release */,
			);
			defaultConfigurationIsVisible = 0;
			defaultConfigurationName = Release;
		};
		83CBB9FA1A601CBA00E9B192 /* Build configuration list for PBXProject "CafeCofee" */ = {
			isa = XCConfigurationList;
			buildConfigurations = (
				83CBBA201A601CBA00E9B192 /* Debug */,
				83CBBA211A601CBA00E9B192 /* Release */,
			);
			defaultConfigurationIsVisible = 0;
			defaultConfigurationName = Release;
		};
/* End XCConfigurationList section */
	};
	rootObject = 83CBB9F71A601CBA00E9B192 /* Project object */;
}
